
Microsoft Visual Studio Solution File, Format Version 12.00
# Visual Studio Version 17
VisualStudioVersion = 17.8.34309.116
MinimumVisualStudioVersion = 10.0.40219.1
Project("{FAE04EC0-301F-11D3-BF4B-00C04F79EFBC}") = "SstProgrammingandDesignProject", "SstProgrammingandDesignProject\SstProgrammingandDesignProject.csproj", "{39CE18DE-639B-466B-8F6A-75308AF35F08}"
EndProject
Global
	GlobalSection(SolutionConfigurationPlatforms) = preSolution
		Debug|Any CPU = Debug|Any CPU
		Release|Any CPU = Release|Any CPU
	EndGlobalSection
	GlobalSection(ProjectConfigurationPlatforms) = postSolution
		{39CE18DE-639B-466B-8F6A-75308AF35F08}.Debug|Any CPU.ActiveCfg = Debug|Any CPU
		{39CE18DE-639B-466B-8F6A-75308AF35F08}.Debug|Any CPU.Build.0 = Debug|Any CPU
		{39CE18DE-639B-466B-8F6A-75308AF35F08}.Release|Any CPU.ActiveCfg = Release|Any CPU
		{39CE18DE-639B-466B-8F6A-75308AF35F08}.Release|Any CPU.Build.0 = Release|Any CPU
	EndGlobalSection
	GlobalSection(SolutionProperties) = preSolution
		HideSolutionNode = FALSE
	EndGlobalSection
	GlobalSection(ExtensibilityGlobals) = postSolution
		SolutionGuid = {A4BB69A9-8C23-434D-AC36-DCF50A13C79D}
	EndGlobalSection
EndGlobal
